
Microsoft Visual Studio Solution File, Format Version 12.00
# Visual Studio 15
VisualStudioVersion = 15.0.27004.2010
MinimumVisualStudioVersion = 10.0.40219.1
Project("{FAE04EC0-301F-11D3-BF4B-00C04F79EFBC}") = "RazorPagesDemo1", "RazorPagesDemo1\RazorPagesDemo1.csproj", "{62D4B292-F0D0-4801-B0BF-E68D1AE116E3}"
EndProject
Global
	GlobalSection(SolutionConfigurationPlatforms) = preSolution
		Debug|Any CPU = Debug|Any CPU
		Release|Any CPU = Release|Any CPU
	EndGlobalSection
	GlobalSection(ProjectConfigurationPlatforms) = postSolution
		{62D4B292-F0D0-4801-B0BF-E68D1AE116E3}.Debug|Any CPU.ActiveCfg = Debug|Any CPU
		{62D4B292-F0D0-4801-B0BF-E68D1AE116E3}.Debug|Any CPU.Build.0 = Debug|Any CPU
		{62D4B292-F0D0-4801-B0BF-E68D1AE116E3}.Release|Any CPU.ActiveCfg = Release|Any CPU
		{62D4B292-F0D0-4801-B0BF-E68D1AE116E3}.Release|Any CPU.Build.0 = Release|Any CPU
	EndGlobalSection
	GlobalSection(SolutionProperties) = preSolution
		HideSolutionNode = FALSE
	EndGlobalSection
	GlobalSection(ExtensibilityGlobals) = postSolution
		SolutionGuid = {B0613CFA-3226-43F0-8AD9-D664BAFB9D11}
	EndGlobalSection
EndGlobal
